
Microsoft Visual Studio Solution File, Format Version 12.00
# Visual Studio Version 17
VisualStudioVersion = 17.14.36414.22
MinimumVisualStudioVersion = 10.0.40219.1
Project("{FAE04EC0-301F-11D3-BF4B-00C04F79EFBC}") = "Stacks_Ejercicio1", "Stacks_Ejercicio1.csproj", "{70530D67-58F3-4DBE-B615-AE0E33A4D0F2}"
EndProject
Project("{FAE04EC0-301F-11D3-BF4B-00C04F79EFBC}") = "Stacks_Ejercicio2", "..\tarea pilas, colas\Stack_Ejercicio2\Stacks_Ejercicio2.csproj", "{74B2683B-8AD6-7D34-4EF5-E0D6734F5D0E}"
EndProject
Global
	GlobalSection(SolutionConfigurationPlatforms) = preSolution
		Debug|Any CPU = Debug|Any CPU
		Release|Any CPU = Release|Any CPU
	EndGlobalSection
	GlobalSection(ProjectConfigurationPlatforms) = postSolution
		{70530D67-58F3-4DBE-B615-AE0E33A4D0F2}.Debug|Any CPU.ActiveCfg = Debug|Any CPU
		{70530D67-58F3-4DBE-B615-AE0E33A4D0F2}.Debug|Any CPU.Build.0 = Debug|Any CPU
		{70530D67-58F3-4DBE-B615-AE0E33A4D0F2}.Release|Any CPU.ActiveCfg = Release|Any CPU
		{70530D67-58F3-4DBE-B615-AE0E33A4D0F2}.Release|Any CPU.Build.0 = Release|Any CPU
		{74B2683B-8AD6-7D34-4EF5-E0D6734F5D0E}.Debug|Any CPU.ActiveCfg = Debug|Any CPU
		{74B2683B-8AD6-7D34-4EF5-E0D6734F5D0E}.Debug|Any CPU.Build.0 = Debug|Any CPU
		{74B2683B-8AD6-7D34-4EF5-E0D6734F5D0E}.Release|Any CPU.ActiveCfg = Release|Any CPU
		{74B2683B-8AD6-7D34-4EF5-E0D6734F5D0E}.Release|Any CPU.Build.0 = Release|Any CPU
	EndGlobalSection
	GlobalSection(SolutionProperties) = preSolution
		HideSolutionNode = FALSE
	EndGlobalSection
	GlobalSection(ExtensibilityGlobals) = postSolution
		SolutionGuid = {EFCCA7E3-2CDA-4C7B-8DB0-AA69470419F0}
	EndGlobalSection
EndGlobal
