
Microsoft Visual Studio Solution File, Format Version 12.00
# Visual Studio Version 17
VisualStudioVersion = 17.14.36414.22
MinimumVisualStudioVersion = 10.0.40219.1
Project("{FAE04EC0-301F-11D3-BF4B-00C04F79EFBC}") = "Stacks_Ejercicio1", "Stacks_Ejercicio1.csproj", "{70530D67-58F3-4DBE-B615-AE0E33A4D0F2}"
EndProject
Project("{FAE04EC0-301F-11D3-BF4B-00C04F79EFBC}") = "Stacks_Ejercicio2", "..\ejercicio2\Stacks_Ejercicio2.csproj", "{DF33AE2B-A9D7-40CE-964C-A4DE8657DB97}"
EndProject
Project("{FAE04EC0-301F-11D3-BF4B-00C04F79EFBC}") = "Queues_Ejercicio1", "..\Queues_Ejercicio1\Queues_Ejercicio1.csproj", "{59E817EC-3D91-4D69-9C6E-C6FBC5F41547}"
EndProject
Project("{FAE04EC0-301F-11D3-BF4B-00C04F79EFBC}") = "Queues_Ejercicio2", "..\Queues_Ejercicio2\Queues_Ejercicio2.csproj", "{BD330189-E9EC-4A15-B279-C36057568D29}"
EndProject
Project("{FAE04EC0-301F-11D3-BF4B-00C04F79EFBC}") = "Deque_Ejercicio1", "..\Deque_Ejercicio1\Deque_Ejercicio1.csproj", "{BA88824A-BB6E-413A-A9C4-4B5D739CCB85}"
EndProject
Project("{FAE04EC0-301F-11D3-BF4B-00C04F79EFBC}") = "Deque_Ejercicio2", "..\Deque_Ejercicio2\Deque_Ejercicio2.csproj", "{122CC0E0-65E5-4AF7-AAD7-9944029DEBAA}"
EndProject
Global
	GlobalSection(SolutionConfigurationPlatforms) = preSolution
		Debug|Any CPU = Debug|Any CPU
		Release|Any CPU = Release|Any CPU
	EndGlobalSection
	GlobalSection(ProjectConfigurationPlatforms) = postSolution
		{70530D67-58F3-4DBE-B615-AE0E33A4D0F2}.Debug|Any CPU.ActiveCfg = Debug|Any CPU
		{70530D67-58F3-4DBE-B615-AE0E33A4D0F2}.Debug|Any CPU.Build.0 = Debug|Any CPU
		{70530D67-58F3-4DBE-B615-AE0E33A4D0F2}.Release|Any CPU.ActiveCfg = Release|Any CPU
		{70530D67-58F3-4DBE-B615-AE0E33A4D0F2}.Release|Any CPU.Build.0 = Release|Any CPU
		{DF33AE2B-A9D7-40CE-964C-A4DE8657DB97}.Debug|Any CPU.ActiveCfg = Debug|Any CPU
		{DF33AE2B-A9D7-40CE-964C-A4DE8657DB97}.Debug|Any CPU.Build.0 = Debug|Any CPU
		{DF33AE2B-A9D7-40CE-964C-A4DE8657DB97}.Release|Any CPU.ActiveCfg = Release|Any CPU
		{DF33AE2B-A9D7-40CE-964C-A4DE8657DB97}.Release|Any CPU.Build.0 = Release|Any CPU
		{59E817EC-3D91-4D69-9C6E-C6FBC5F41547}.Debug|Any CPU.ActiveCfg = Debug|Any CPU
		{59E817EC-3D91-4D69-9C6E-C6FBC5F41547}.Debug|Any CPU.Build.0 = Debug|Any CPU
		{59E817EC-3D91-4D69-9C6E-C6FBC5F41547}.Release|Any CPU.ActiveCfg = Release|Any CPU
		{59E817EC-3D91-4D69-9C6E-C6FBC5F41547}.Release|Any CPU.Build.0 = Release|Any CPU
		{BD330189-E9EC-4A15-B279-C36057568D29}.Debug|Any CPU.ActiveCfg = Debug|Any CPU
		{BD330189-E9EC-4A15-B279-C36057568D29}.Debug|Any CPU.Build.0 = Debug|Any CPU
		{BD330189-E9EC-4A15-B279-C36057568D29}.Release|Any CPU.ActiveCfg = Release|Any CPU
		{BD330189-E9EC-4A15-B279-C36057568D29}.Release|Any CPU.Build.0 = Release|Any CPU
		{BA88824A-BB6E-413A-A9C4-4B5D739CCB85}.Debug|Any CPU.ActiveCfg = Debug|Any CPU
		{BA88824A-BB6E-413A-A9C4-4B5D739CCB85}.Debug|Any CPU.Build.0 = Debug|Any CPU
		{BA88824A-BB6E-413A-A9C4-4B5D739CCB85}.Release|Any CPU.ActiveCfg = Release|Any CPU
		{BA88824A-BB6E-413A-A9C4-4B5D739CCB85}.Release|Any CPU.Build.0 = Release|Any CPU
		{122CC0E0-65E5-4AF7-AAD7-9944029DEBAA}.Debug|Any CPU.ActiveCfg = Debug|Any CPU
		{122CC0E0-65E5-4AF7-AAD7-9944029DEBAA}.Debug|Any CPU.Build.0 = Debug|Any CPU
		{122CC0E0-65E5-4AF7-AAD7-9944029DEBAA}.Release|Any CPU.ActiveCfg = Release|Any CPU
		{122CC0E0-65E5-4AF7-AAD7-9944029DEBAA}.Release|Any CPU.Build.0 = Release|Any CPU
	EndGlobalSection
	GlobalSection(SolutionProperties) = preSolution
		HideSolutionNode = FALSE
	EndGlobalSection
	GlobalSection(ExtensibilityGlobals) = postSolution
		SolutionGuid = {EFCCA7E3-2CDA-4C7B-8DB0-AA69470419F0}
	EndGlobalSection
EndGlobal
